
Microsoft Visual Studio Solution File, Format Version 12.00
# Visual Studio Version 17
VisualStudioVersion = 17.3.32929.385
MinimumVisualStudioVersion = 10.0.40219.1
Project("{2150E333-8FDC-42A3-9474-1A3956D46DE8}") = "Source", "Source", "{02213F0E-503E-4E44-B44F-77F9E4B393DD}"
EndProject
Project("{2150E333-8FDC-42A3-9474-1A3956D46DE8}") = "Solution Items", "Solution Items", "{F492B4D1-69F4-457C-94E0-07698736B76A}"
	ProjectSection(SolutionItems) = preProject
		..\.gitignore = ..\.gitignore
		..\LICENSE = ..\LICENSE
		..\README.md = ..\README.md
	EndProjectSection
EndProject
Project("{9A19103F-16F7-4668-BE54-9A1E7A4F7556}") = "AdventOfCode2022.Day1", "AdventOfCode2022.Day1\AdventOfCode2022.Day1.csproj", "{093AFF5F-3C26-48B2-920B-46E820FEBF78}"
EndProject
Project("{9A19103F-16F7-4668-BE54-9A1E7A4F7556}") = "AdventOfCode2022.Day2", "AdventOfCode2022.Day2\AdventOfCode2022.Day2.csproj", "{5D2D8324-7117-49B0-8B40-A3D7BA6AB2CB}"
EndProject
Project("{9A19103F-16F7-4668-BE54-9A1E7A4F7556}") = "AdventOfCode2022.Day3", "AdventOfCode2022.Day3\AdventOfCode2022.Day3.csproj", "{C688A519-D612-40DD-9097-3492DA38C26B}"
EndProject
Project("{9A19103F-16F7-4668-BE54-9A1E7A4F7556}") = "AdventOfCode2022.Day4", "AdventOfCode2022.Day4\AdventOfCode2022.Day4.csproj", "{2D7FA809-804B-4171-8D73-9238B6CD545F}"
EndProject
Project("{9A19103F-16F7-4668-BE54-9A1E7A4F7556}") = "AdventOfCode2022.Day5", "AdventOfCode2022.Day5\AdventOfCode2022.Day5.csproj", "{1BF51DD5-A1F8-4C43-8908-B088C1198D8A}"
EndProject
Project("{6EC3EE1D-3C4E-46DD-8F32-0CC8E7565705}") = "AdventOfCode2022.Day6", "AdventOfCode2022.Day6\AdventOfCode2022.Day6.fsproj", "{9FEF6092-CCD2-4DE6-80B0-B18024785D7D}"
EndProject
Project("{9A19103F-16F7-4668-BE54-9A1E7A4F7556}") = "AdventOfCode2022.Day7", "AdventOfCode2022.Day7\AdventOfCode2022.Day7.csproj", "{9EB4AD6A-1D68-4346-B271-17358C415B53}"
EndProject
Project("{9A19103F-16F7-4668-BE54-9A1E7A4F7556}") = "AdventOfCode2022.Day8", "AdventOfCode2022.Day8\AdventOfCode2022.Day8.csproj", "{F5A9EF87-5279-4289-8B65-8B3EC012DFE6}"
EndProject
Project("{9A19103F-16F7-4668-BE54-9A1E7A4F7556}") = "AdventOfCode2022.Day9", "AdventOfCode2022.Day9\AdventOfCode2022.Day9.csproj", "{8AD8C240-0347-4057-8F3A-61F9190313A9}"
EndProject
Project("{9A19103F-16F7-4668-BE54-9A1E7A4F7556}") = "AdventOfCode2022.Day10", "AdventOfCode2022.Day10\AdventOfCode2022.Day10.csproj", "{588FBB0D-5D29-4FBE-BD5E-9EC26036B48F}"
EndProject
Project("{FAE04EC0-301F-11D3-BF4B-00C04F79EFBC}") = "AdventOfCode2022.Day11", "AdventOfCode2022.Day11\AdventOfCode2022.Day11.csproj", "{0FECACBC-707B-403F-8712-EDE68BFEBA85}"
EndProject
Global
	GlobalSection(SolutionConfigurationPlatforms) = preSolution
		Debug|Any CPU = Debug|Any CPU
		Release|Any CPU = Release|Any CPU
	EndGlobalSection
	GlobalSection(ProjectConfigurationPlatforms) = postSolution
		{093AFF5F-3C26-48B2-920B-46E820FEBF78}.Debug|Any CPU.ActiveCfg = Debug|Any CPU
		{093AFF5F-3C26-48B2-920B-46E820FEBF78}.Debug|Any CPU.Build.0 = Debug|Any CPU
		{093AFF5F-3C26-48B2-920B-46E820FEBF78}.Release|Any CPU.ActiveCfg = Release|Any CPU
		{093AFF5F-3C26-48B2-920B-46E820FEBF78}.Release|Any CPU.Build.0 = Release|Any CPU
		{5D2D8324-7117-49B0-8B40-A3D7BA6AB2CB}.Debug|Any CPU.ActiveCfg = Debug|Any CPU
		{5D2D8324-7117-49B0-8B40-A3D7BA6AB2CB}.Debug|Any CPU.Build.0 = Debug|Any CPU
		{5D2D8324-7117-49B0-8B40-A3D7BA6AB2CB}.Release|Any CPU.ActiveCfg = Release|Any CPU
		{5D2D8324-7117-49B0-8B40-A3D7BA6AB2CB}.Release|Any CPU.Build.0 = Release|Any CPU
		{C688A519-D612-40DD-9097-3492DA38C26B}.Debug|Any CPU.ActiveCfg = Debug|Any CPU
		{C688A519-D612-40DD-9097-3492DA38C26B}.Debug|Any CPU.Build.0 = Debug|Any CPU
		{C688A519-D612-40DD-9097-3492DA38C26B}.Release|Any CPU.ActiveCfg = Release|Any CPU
		{C688A519-D612-40DD-9097-3492DA38C26B}.Release|Any CPU.Build.0 = Release|Any CPU
		{2D7FA809-804B-4171-8D73-9238B6CD545F}.Debug|Any CPU.ActiveCfg = Debug|Any CPU
		{2D7FA809-804B-4171-8D73-9238B6CD545F}.Debug|Any CPU.Build.0 = Debug|Any CPU
		{2D7FA809-804B-4171-8D73-9238B6CD545F}.Release|Any CPU.ActiveCfg = Release|Any CPU
		{2D7FA809-804B-4171-8D73-9238B6CD545F}.Release|Any CPU.Build.0 = Release|Any CPU
		{1BF51DD5-A1F8-4C43-8908-B088C1198D8A}.Debug|Any CPU.ActiveCfg = Debug|Any CPU
		{1BF51DD5-A1F8-4C43-8908-B088C1198D8A}.Debug|Any CPU.Build.0 = Debug|Any CPU
		{1BF51DD5-A1F8-4C43-8908-B088C1198D8A}.Release|Any CPU.ActiveCfg = Release|Any CPU
		{1BF51DD5-A1F8-4C43-8908-B088C1198D8A}.Release|Any CPU.Build.0 = Release|Any CPU
		{9FEF6092-CCD2-4DE6-80B0-B18024785D7D}.Debug|Any CPU.ActiveCfg = Debug|Any CPU
		{9FEF6092-CCD2-4DE6-80B0-B18024785D7D}.Debug|Any CPU.Build.0 = Debug|Any CPU
		{9FEF6092-CCD2-4DE6-80B0-B18024785D7D}.Release|Any CPU.ActiveCfg = Release|Any CPU
		{9FEF6092-CCD2-4DE6-80B0-B18024785D7D}.Release|Any CPU.Build.0 = Release|Any CPU
		{9EB4AD6A-1D68-4346-B271-17358C415B53}.Debug|Any CPU.ActiveCfg = Debug|Any CPU
		{9EB4AD6A-1D68-4346-B271-17358C415B53}.Debug|Any CPU.Build.0 = Debug|Any CPU
		{9EB4AD6A-1D68-4346-B271-17358C415B53}.Release|Any CPU.ActiveCfg = Release|Any CPU
		{9EB4AD6A-1D68-4346-B271-17358C415B53}.Release|Any CPU.Build.0 = Release|Any CPU
		{F5A9EF87-5279-4289-8B65-8B3EC012DFE6}.Debug|Any CPU.ActiveCfg = Debug|Any CPU
		{F5A9EF87-5279-4289-8B65-8B3EC012DFE6}.Debug|Any CPU.Build.0 = Debug|Any CPU
		{F5A9EF87-5279-4289-8B65-8B3EC012DFE6}.Release|Any CPU.ActiveCfg = Release|Any CPU
		{F5A9EF87-5279-4289-8B65-8B3EC012DFE6}.Release|Any CPU.Build.0 = Release|Any CPU
		{8AD8C240-0347-4057-8F3A-61F9190313A9}.Debug|Any CPU.ActiveCfg = Debug|Any CPU
		{8AD8C240-0347-4057-8F3A-61F9190313A9}.Debug|Any CPU.Build.0 = Debug|Any CPU
		{8AD8C240-0347-4057-8F3A-61F9190313A9}.Release|Any CPU.ActiveCfg = Release|Any CPU
		{8AD8C240-0347-4057-8F3A-61F9190313A9}.Release|Any CPU.Build.0 = Release|Any CPU
		{588FBB0D-5D29-4FBE-BD5E-9EC26036B48F}.Debug|Any CPU.ActiveCfg = Debug|Any CPU
		{588FBB0D-5D29-4FBE-BD5E-9EC26036B48F}.Debug|Any CPU.Build.0 = Debug|Any CPU
		{588FBB0D-5D29-4FBE-BD5E-9EC26036B48F}.Release|Any CPU.ActiveCfg = Release|Any CPU
		{588FBB0D-5D29-4FBE-BD5E-9EC26036B48F}.Release|Any CPU.Build.0 = Release|Any CPU
		{0FECACBC-707B-403F-8712-EDE68BFEBA85}.Debug|Any CPU.ActiveCfg = Debug|Any CPU
		{0FECACBC-707B-403F-8712-EDE68BFEBA85}.Debug|Any CPU.Build.0 = Debug|Any CPU
		{0FECACBC-707B-403F-8712-EDE68BFEBA85}.Release|Any CPU.ActiveCfg = Release|Any CPU
		{0FECACBC-707B-403F-8712-EDE68BFEBA85}.Release|Any CPU.Build.0 = Release|Any CPU
	EndGlobalSection
	GlobalSection(SolutionProperties) = preSolution
		HideSolutionNode = FALSE
	EndGlobalSection
	GlobalSection(NestedProjects) = preSolution
		{093AFF5F-3C26-48B2-920B-46E820FEBF78} = {02213F0E-503E-4E44-B44F-77F9E4B393DD}
		{5D2D8324-7117-49B0-8B40-A3D7BA6AB2CB} = {02213F0E-503E-4E44-B44F-77F9E4B393DD}
		{C688A519-D612-40DD-9097-3492DA38C26B} = {02213F0E-503E-4E44-B44F-77F9E4B393DD}
		{2D7FA809-804B-4171-8D73-9238B6CD545F} = {02213F0E-503E-4E44-B44F-77F9E4B393DD}
		{1BF51DD5-A1F8-4C43-8908-B088C1198D8A} = {02213F0E-503E-4E44-B44F-77F9E4B393DD}
		{9FEF6092-CCD2-4DE6-80B0-B18024785D7D} = {02213F0E-503E-4E44-B44F-77F9E4B393DD}
		{9EB4AD6A-1D68-4346-B271-17358C415B53} = {02213F0E-503E-4E44-B44F-77F9E4B393DD}
		{F5A9EF87-5279-4289-8B65-8B3EC012DFE6} = {02213F0E-503E-4E44-B44F-77F9E4B393DD}
		{8AD8C240-0347-4057-8F3A-61F9190313A9} = {02213F0E-503E-4E44-B44F-77F9E4B393DD}
		{588FBB0D-5D29-4FBE-BD5E-9EC26036B48F} = {02213F0E-503E-4E44-B44F-77F9E4B393DD}
		{0FECACBC-707B-403F-8712-EDE68BFEBA85} = {02213F0E-503E-4E44-B44F-77F9E4B393DD}
	EndGlobalSection
	GlobalSection(ExtensibilityGlobals) = postSolution
		SolutionGuid = {0DAAC2FA-0DAC-4AF0-AE15-9F7479DD0A46}
	EndGlobalSection
EndGlobal
