
Microsoft Visual Studio Solution File, Format Version 12.00
# Visual Studio Version 17
VisualStudioVersion = 17.3.32929.385
MinimumVisualStudioVersion = 10.0.40219.1
Project("{2150E333-8FDC-42A3-9474-1A3956D46DE8}") = "Source", "Source", "{02213F0E-503E-4E44-B44F-77F9E4B393DD}"
EndProject
Project("{2150E333-8FDC-42A3-9474-1A3956D46DE8}") = "Solution Items", "Solution Items", "{F492B4D1-69F4-457C-94E0-07698736B76A}"
	ProjectSection(SolutionItems) = preProject
		..\.gitignore = ..\.gitignore
		..\LICENSE = ..\LICENSE
		..\README.md = ..\README.md
	EndProjectSection
EndProject
Project("{9A19103F-16F7-4668-BE54-9A1E7A4F7556}") = "AdventOfCode2022.Day10", "AdventOfCode2022.Day10\AdventOfCode2022.Day10.csproj", "{588FBB0D-5D29-4FBE-BD5E-9EC26036B48F}"
EndProject
Project("{9A19103F-16F7-4668-BE54-9A1E7A4F7556}") = "AdventOfCode2022.Day11", "AdventOfCode2022.Day11\AdventOfCode2022.Day11.csproj", "{0FECACBC-707B-403F-8712-EDE68BFEBA85}"
EndProject
Project("{9A19103F-16F7-4668-BE54-9A1E7A4F7556}") = "AdventOfCode2022.Day01", "AdventOfCode2022.Day01\AdventOfCode2022.Day01.csproj", "{3D1DBB52-A39F-47EA-A679-BCBED32FB18D}"
EndProject
Project("{9A19103F-16F7-4668-BE54-9A1E7A4F7556}") = "AdventOfCode2022.Day02", "AdventOfCode2022.Day02\AdventOfCode2022.Day02.csproj", "{1FF3A134-6416-42AB-A15A-9E336F82DF75}"
EndProject
Project("{9A19103F-16F7-4668-BE54-9A1E7A4F7556}") = "AdventOfCode2022.Day03", "AdventOfCode2022.Day03\AdventOfCode2022.Day03.csproj", "{DB1538F3-2510-43E2-93FD-DC83B1C93B3E}"
EndProject
Project("{9A19103F-16F7-4668-BE54-9A1E7A4F7556}") = "AdventOfCode2022.Day04", "AdventOfCode2022.Day04\AdventOfCode2022.Day04.csproj", "{4D5071E3-C7A4-4B31-84AE-F950CAF7BD9B}"
EndProject
Project("{9A19103F-16F7-4668-BE54-9A1E7A4F7556}") = "AdventOfCode2022.Day05", "AdventOfCode2022.Day05\AdventOfCode2022.Day05.csproj", "{F3719877-5461-4A74-9C68-95E5947D7BF8}"
EndProject
Project("{6EC3EE1D-3C4E-46DD-8F32-0CC8E7565705}") = "AdventOfCode2022.Day06", "AdventOfCode2022.Day06\AdventOfCode2022.Day06.fsproj", "{F0577222-F2D2-4D5F-B093-9FC3585799EF}"
EndProject
Project("{9A19103F-16F7-4668-BE54-9A1E7A4F7556}") = "AdventOfCode2022.Day07", "AdventOfCode2022.Day07\AdventOfCode2022.Day07.csproj", "{0205C6BE-D9BE-45ED-B741-9A38F6E9DEF2}"
EndProject
Project("{9A19103F-16F7-4668-BE54-9A1E7A4F7556}") = "AdventOfCode2022.Day08", "AdventOfCode2022.Day08\AdventOfCode2022.Day08.csproj", "{AD24E655-077C-4348-B965-07DDAAABA687}"
EndProject
Project("{9A19103F-16F7-4668-BE54-9A1E7A4F7556}") = "AdventOfCode2022.Day09", "AdventOfCode2022.Day09\AdventOfCode2022.Day09.csproj", "{EA33CB10-0566-40DC-A00B-0F53B1AFC070}"
EndProject
Project("{9A19103F-16F7-4668-BE54-9A1E7A4F7556}") = "AdventOfCode2022.Day12", "AdventOfCode2022.Day12\AdventOfCode2022.Day12.csproj", "{E53AF526-E34B-4BB9-936A-BC347A5A3592}"
EndProject
Project("{9A19103F-16F7-4668-BE54-9A1E7A4F7556}") = "AdventOfCode2022.Day13", "AdventOfCode2022.Day13\AdventOfCode2022.Day13.csproj", "{5810215E-6657-4DAD-9322-F0D45B7BDD09}"
EndProject
Global
	GlobalSection(SolutionConfigurationPlatforms) = preSolution
		Debug|Any CPU = Debug|Any CPU
		Release|Any CPU = Release|Any CPU
	EndGlobalSection
	GlobalSection(ProjectConfigurationPlatforms) = postSolution
		{588FBB0D-5D29-4FBE-BD5E-9EC26036B48F}.Debug|Any CPU.ActiveCfg = Debug|Any CPU
		{588FBB0D-5D29-4FBE-BD5E-9EC26036B48F}.Debug|Any CPU.Build.0 = Debug|Any CPU
		{588FBB0D-5D29-4FBE-BD5E-9EC26036B48F}.Release|Any CPU.ActiveCfg = Release|Any CPU
		{588FBB0D-5D29-4FBE-BD5E-9EC26036B48F}.Release|Any CPU.Build.0 = Release|Any CPU
		{0FECACBC-707B-403F-8712-EDE68BFEBA85}.Debug|Any CPU.ActiveCfg = Debug|Any CPU
		{0FECACBC-707B-403F-8712-EDE68BFEBA85}.Debug|Any CPU.Build.0 = Debug|Any CPU
		{0FECACBC-707B-403F-8712-EDE68BFEBA85}.Release|Any CPU.ActiveCfg = Release|Any CPU
		{0FECACBC-707B-403F-8712-EDE68BFEBA85}.Release|Any CPU.Build.0 = Release|Any CPU
		{3D1DBB52-A39F-47EA-A679-BCBED32FB18D}.Debug|Any CPU.ActiveCfg = Debug|Any CPU
		{3D1DBB52-A39F-47EA-A679-BCBED32FB18D}.Debug|Any CPU.Build.0 = Debug|Any CPU
		{3D1DBB52-A39F-47EA-A679-BCBED32FB18D}.Release|Any CPU.ActiveCfg = Release|Any CPU
		{3D1DBB52-A39F-47EA-A679-BCBED32FB18D}.Release|Any CPU.Build.0 = Release|Any CPU
		{1FF3A134-6416-42AB-A15A-9E336F82DF75}.Debug|Any CPU.ActiveCfg = Debug|Any CPU
		{1FF3A134-6416-42AB-A15A-9E336F82DF75}.Debug|Any CPU.Build.0 = Debug|Any CPU
		{1FF3A134-6416-42AB-A15A-9E336F82DF75}.Release|Any CPU.ActiveCfg = Release|Any CPU
		{1FF3A134-6416-42AB-A15A-9E336F82DF75}.Release|Any CPU.Build.0 = Release|Any CPU
		{DB1538F3-2510-43E2-93FD-DC83B1C93B3E}.Debug|Any CPU.ActiveCfg = Debug|Any CPU
		{DB1538F3-2510-43E2-93FD-DC83B1C93B3E}.Debug|Any CPU.Build.0 = Debug|Any CPU
		{DB1538F3-2510-43E2-93FD-DC83B1C93B3E}.Release|Any CPU.ActiveCfg = Release|Any CPU
		{DB1538F3-2510-43E2-93FD-DC83B1C93B3E}.Release|Any CPU.Build.0 = Release|Any CPU
		{4D5071E3-C7A4-4B31-84AE-F950CAF7BD9B}.Debug|Any CPU.ActiveCfg = Debug|Any CPU
		{4D5071E3-C7A4-4B31-84AE-F950CAF7BD9B}.Debug|Any CPU.Build.0 = Debug|Any CPU
		{4D5071E3-C7A4-4B31-84AE-F950CAF7BD9B}.Release|Any CPU.ActiveCfg = Release|Any CPU
		{4D5071E3-C7A4-4B31-84AE-F950CAF7BD9B}.Release|Any CPU.Build.0 = Release|Any CPU
		{F3719877-5461-4A74-9C68-95E5947D7BF8}.Debug|Any CPU.ActiveCfg = Debug|Any CPU
		{F3719877-5461-4A74-9C68-95E5947D7BF8}.Debug|Any CPU.Build.0 = Debug|Any CPU
		{F3719877-5461-4A74-9C68-95E5947D7BF8}.Release|Any CPU.ActiveCfg = Release|Any CPU
		{F3719877-5461-4A74-9C68-95E5947D7BF8}.Release|Any CPU.Build.0 = Release|Any CPU
		{F0577222-F2D2-4D5F-B093-9FC3585799EF}.Debug|Any CPU.ActiveCfg = Debug|Any CPU
		{F0577222-F2D2-4D5F-B093-9FC3585799EF}.Debug|Any CPU.Build.0 = Debug|Any CPU
		{F0577222-F2D2-4D5F-B093-9FC3585799EF}.Release|Any CPU.ActiveCfg = Release|Any CPU
		{F0577222-F2D2-4D5F-B093-9FC3585799EF}.Release|Any CPU.Build.0 = Release|Any CPU
		{0205C6BE-D9BE-45ED-B741-9A38F6E9DEF2}.Debug|Any CPU.ActiveCfg = Debug|Any CPU
		{0205C6BE-D9BE-45ED-B741-9A38F6E9DEF2}.Debug|Any CPU.Build.0 = Debug|Any CPU
		{0205C6BE-D9BE-45ED-B741-9A38F6E9DEF2}.Release|Any CPU.ActiveCfg = Release|Any CPU
		{0205C6BE-D9BE-45ED-B741-9A38F6E9DEF2}.Release|Any CPU.Build.0 = Release|Any CPU
		{AD24E655-077C-4348-B965-07DDAAABA687}.Debug|Any CPU.ActiveCfg = Debug|Any CPU
		{AD24E655-077C-4348-B965-07DDAAABA687}.Debug|Any CPU.Build.0 = Debug|Any CPU
		{AD24E655-077C-4348-B965-07DDAAABA687}.Release|Any CPU.ActiveCfg = Release|Any CPU
		{AD24E655-077C-4348-B965-07DDAAABA687}.Release|Any CPU.Build.0 = Release|Any CPU
		{EA33CB10-0566-40DC-A00B-0F53B1AFC070}.Debug|Any CPU.ActiveCfg = Debug|Any CPU
		{EA33CB10-0566-40DC-A00B-0F53B1AFC070}.Debug|Any CPU.Build.0 = Debug|Any CPU
		{EA33CB10-0566-40DC-A00B-0F53B1AFC070}.Release|Any CPU.ActiveCfg = Release|Any CPU
		{EA33CB10-0566-40DC-A00B-0F53B1AFC070}.Release|Any CPU.Build.0 = Release|Any CPU
		{E53AF526-E34B-4BB9-936A-BC347A5A3592}.Debug|Any CPU.ActiveCfg = Debug|Any CPU
		{E53AF526-E34B-4BB9-936A-BC347A5A3592}.Debug|Any CPU.Build.0 = Debug|Any CPU
		{E53AF526-E34B-4BB9-936A-BC347A5A3592}.Release|Any CPU.ActiveCfg = Release|Any CPU
		{E53AF526-E34B-4BB9-936A-BC347A5A3592}.Release|Any CPU.Build.0 = Release|Any CPU
		{5810215E-6657-4DAD-9322-F0D45B7BDD09}.Debug|Any CPU.ActiveCfg = Debug|Any CPU
		{5810215E-6657-4DAD-9322-F0D45B7BDD09}.Debug|Any CPU.Build.0 = Debug|Any CPU
		{5810215E-6657-4DAD-9322-F0D45B7BDD09}.Release|Any CPU.ActiveCfg = Release|Any CPU
		{5810215E-6657-4DAD-9322-F0D45B7BDD09}.Release|Any CPU.Build.0 = Release|Any CPU
	EndGlobalSection
	GlobalSection(SolutionProperties) = preSolution
		HideSolutionNode = FALSE
	EndGlobalSection
	GlobalSection(NestedProjects) = preSolution
		{588FBB0D-5D29-4FBE-BD5E-9EC26036B48F} = {02213F0E-503E-4E44-B44F-77F9E4B393DD}
		{0FECACBC-707B-403F-8712-EDE68BFEBA85} = {02213F0E-503E-4E44-B44F-77F9E4B393DD}
		{3D1DBB52-A39F-47EA-A679-BCBED32FB18D} = {02213F0E-503E-4E44-B44F-77F9E4B393DD}
		{1FF3A134-6416-42AB-A15A-9E336F82DF75} = {02213F0E-503E-4E44-B44F-77F9E4B393DD}
		{DB1538F3-2510-43E2-93FD-DC83B1C93B3E} = {02213F0E-503E-4E44-B44F-77F9E4B393DD}
		{4D5071E3-C7A4-4B31-84AE-F950CAF7BD9B} = {02213F0E-503E-4E44-B44F-77F9E4B393DD}
		{F3719877-5461-4A74-9C68-95E5947D7BF8} = {02213F0E-503E-4E44-B44F-77F9E4B393DD}
		{F0577222-F2D2-4D5F-B093-9FC3585799EF} = {02213F0E-503E-4E44-B44F-77F9E4B393DD}
		{0205C6BE-D9BE-45ED-B741-9A38F6E9DEF2} = {02213F0E-503E-4E44-B44F-77F9E4B393DD}
		{AD24E655-077C-4348-B965-07DDAAABA687} = {02213F0E-503E-4E44-B44F-77F9E4B393DD}
		{EA33CB10-0566-40DC-A00B-0F53B1AFC070} = {02213F0E-503E-4E44-B44F-77F9E4B393DD}
		{E53AF526-E34B-4BB9-936A-BC347A5A3592} = {02213F0E-503E-4E44-B44F-77F9E4B393DD}
		{5810215E-6657-4DAD-9322-F0D45B7BDD09} = {02213F0E-503E-4E44-B44F-77F9E4B393DD}
	EndGlobalSection
	GlobalSection(ExtensibilityGlobals) = postSolution
		SolutionGuid = {0DAAC2FA-0DAC-4AF0-AE15-9F7479DD0A46}
	EndGlobalSection
EndGlobal
